
Microsoft Visual Studio Solution File, Format Version 12.00
# Visual Studio Version 17
VisualStudioVersion = 17.11.35222.181
MinimumVisualStudioVersion = 10.0.40219.1
Project("{FAE04EC0-301F-11D3-BF4B-00C04F79EFBC}") = "NumbersGame", "NumbersGame.csproj", "{B9F6D528-D3A3-4D2C-A15F-8DA05873DA86}"
EndProject
Global
	GlobalSection(SolutionConfigurationPlatforms) = preSolution
		Debug|Any CPU = Debug|Any CPU
		Release|Any CPU = Release|Any CPU
	EndGlobalSection
	GlobalSection(ProjectConfigurationPlatforms) = postSolution
		{B9F6D528-D3A3-4D2C-A15F-8DA05873DA86}.Debug|Any CPU.ActiveCfg = Debug|Any CPU
		{B9F6D528-D3A3-4D2C-A15F-8DA05873DA86}.Debug|Any CPU.Build.0 = Debug|Any CPU
		{B9F6D528-D3A3-4D2C-A15F-8DA05873DA86}.Release|Any CPU.ActiveCfg = Release|Any CPU
		{B9F6D528-D3A3-4D2C-A15F-8DA05873DA86}.Release|Any CPU.Build.0 = Release|Any CPU
	EndGlobalSection
	GlobalSection(SolutionProperties) = preSolution
		HideSolutionNode = FALSE
	EndGlobalSection
	GlobalSection(ExtensibilityGlobals) = postSolution
		SolutionGuid = {5E497D0A-A840-4B36-805D-189D3F8E17BA}
	EndGlobalSection
EndGlobal
